{
  "name": "challenge-tools",
  "lockfileVersion": 2,
  "requires": true,
  "packages": {
    "": {
      "dependencies": {
        "flex-layout": "^1.0.1"
      }
    },
    "node_modules/flex-layout": {
      "version": "1.0.1",
      "resolved": "https://registry.npmjs.org/flex-layout/-/flex-layout-1.0.1.tgz",
      "integrity": "sha512-nPl9x8i0L97H9TIljj4+YjIT19z50ZwxuKvQkeRsqn6SVUHhp53SPBDArNyRIaQCTGJabGBnnSonO+zZF9aXBA=="
    }
  },
  "dependencies": {
    "flex-layout": {
      "version": "1.0.1",
      "resolved": "https://registry.npmjs.org/flex-layout/-/flex-layout-1.0.1.tgz",
      "integrity": "sha512-nPl9x8i0L97H9TIljj4+YjIT19z50ZwxuKvQkeRsqn6SVUHhp53SPBDArNyRIaQCTGJabGBnnSonO+zZF9aXBA=="
    }
  }
}
